uuid: 9072b68a-2d09-40af-87e2-e6f59f93d08e
langcode: en
status: true
dependencies:
  config:
    - block_content.type.multiple_carousel_block
  module:
    - content_translation
third_party_settings:
  content_translation:
    enabled: true
    bundle_settings:
      untranslatable_fields_hide: '0'
id: block_content.multiple_carousel_block
target_entity_type_id: block_content
target_bundle: multiple_carousel_block
default_langcode: site_default
language_alterable: true
